
Microsoft Visual Studio Solution File, Format Version 12.00
# Visual Studio 15
VisualStudioVersion = 15.0.27130.2024
MinimumVisualStudioVersion = 10.0.40219.1
Project("{FAE04EC0-301F-11D3-BF4B-00C04F79EFBC}") = "AdHocRevolutionGlamour", "AdHocRevolutionGlamour\AdHocRevolutionGlamour.csproj", "{0DA232E4-BF72-4A4A-B4BF-FD28B43EC5AB}"
EndProject
Project("{FAE04EC0-301F-11D3-BF4B-00C04F79EFBC}") = "FormArticoli", "FormArticoli\FormArticoli.csproj", "{49574FC5-6E84-4376-B7E3-AD5B1A56ADEF}"
EndProject
Global
	GlobalSection(SolutionConfigurationPlatforms) = preSolution
		Debug|Any CPU = Debug|Any CPU
		Release|Any CPU = Release|Any CPU
	EndGlobalSection
	GlobalSection(ProjectConfigurationPlatforms) = postSolution
		{0DA232E4-BF72-4A4A-B4BF-FD28B43EC5AB}.Debug|Any CPU.ActiveCfg = Debug|Any CPU
		{0DA232E4-BF72-4A4A-B4BF-FD28B43EC5AB}.Debug|Any CPU.Build.0 = Debug|Any CPU
		{0DA232E4-BF72-4A4A-B4BF-FD28B43EC5AB}.Release|Any CPU.ActiveCfg = Release|Any CPU
		{0DA232E4-BF72-4A4A-B4BF-FD28B43EC5AB}.Release|Any CPU.Build.0 = Release|Any CPU
		{49574FC5-6E84-4376-B7E3-AD5B1A56ADEF}.Debug|Any CPU.ActiveCfg = Debug|Any CPU
		{49574FC5-6E84-4376-B7E3-AD5B1A56ADEF}.Debug|Any CPU.Build.0 = Debug|Any CPU
		{49574FC5-6E84-4376-B7E3-AD5B1A56ADEF}.Release|Any CPU.ActiveCfg = Release|Any CPU
		{49574FC5-6E84-4376-B7E3-AD5B1A56ADEF}.Release|Any CPU.Build.0 = Release|Any CPU
	EndGlobalSection
	GlobalSection(SolutionProperties) = preSolution
		HideSolutionNode = FALSE
	EndGlobalSection
	GlobalSection(ExtensibilityGlobals) = postSolution
		SolutionGuid = {479D2CF2-2A94-4F02-936B-432B1B3B34FD}
	EndGlobalSection
EndGlobal
